
Microsoft Visual Studio Solution File, Format Version 12.00
# Visual Studio Version 16
VisualStudioVersion = 16.0.32602.291
MinimumVisualStudioVersion = 10.0.40219.1
Project("{FAE04EC0-301F-11D3-BF4B-00C04F79EFBC}") = "PatikaDevHGS", "PatikaDevHGS\PatikaDevHGS.csproj", "{D3CA098B-7A0D-4B2A-85A2-71D3F6CD964E}"
EndProject
Global
	GlobalSection(SolutionConfigurationPlatforms) = preSolution
		Debug|Any CPU = Debug|Any CPU
		Release|Any CPU = Release|Any CPU
	EndGlobalSection
	GlobalSection(ProjectConfigurationPlatforms) = postSolution
		{D3CA098B-7A0D-4B2A-85A2-71D3F6CD964E}.Debug|Any CPU.ActiveCfg = Debug|Any CPU
		{D3CA098B-7A0D-4B2A-85A2-71D3F6CD964E}.Debug|Any CPU.Build.0 = Debug|Any CPU
		{D3CA098B-7A0D-4B2A-85A2-71D3F6CD964E}.Release|Any CPU.ActiveCfg = Release|Any CPU
		{D3CA098B-7A0D-4B2A-85A2-71D3F6CD964E}.Release|Any CPU.Build.0 = Release|Any CPU
	EndGlobalSection
	GlobalSection(SolutionProperties) = preSolution
		HideSolutionNode = FALSE
	EndGlobalSection
	GlobalSection(ExtensibilityGlobals) = postSolution
		SolutionGuid = {84DD6E6B-4D2C-4D71-BC2F-12F475715583}
	EndGlobalSection
EndGlobal
